// !$*UTF8*$!
{
	archiveVersion = 1;
	classes = {
	};
	objectVersion = 48;
	objects = {

/* Begin PBXBuildFile section */
		F42ED5E91FE07C49003061DC /* LeagueVC.swift in Sources */ = {isa = PBXBuildFile; fileRef = F42ED5E81FE07C49003061DC /* LeagueVC.swift */; };
		F42ED5EB1FE07C5D003061DC /* SkillVC.swift in Sources */ = {isa = PBXBuildFile; fileRef = F42ED5EA1FE07C5D003061DC /* SkillVC.swift */; };
		F47042F21FDF135B00112739 /* AppDelegate.swift in Sources */ = {isa = PBXBuildFile; fileRef = F47042F11FDF135B00112739 /* AppDelegate.swift */; };
		F47042F41FDF135B00112739 /* WelcomeVC.swift in Sources */ = {isa = PBXBuildFile; fileRef = F47042F31FDF135B00112739 /* WelcomeVC.swift */; };
		F47042F71FDF135B00112739 /* Main.storyboard in Resources */ = {isa = PBXBuildFile; fileRef = F47042F51FDF135B00112739 /* Main.storyboard */; };
		F47042F91FDF135B00112739 /* Assets.xcassets in Resources */ = {isa = PBXBuildFile; fileRef = F47042F81FDF135B00112739 /* Assets.xcassets */; };
		F47042FC1FDF135B00112739 /* LaunchScreen.storyboard in Resources */ = {isa = PBXBuildFile; fileRef = F47042FA1FDF135B00112739 /* LaunchScreen.storyboard */; };
		F47043051FDF21AB00112739 /* BorderButton.swift in Sources */ = {isa = PBXBuildFile; fileRef = F47043041FDF21AB00112739 /* BorderButton.swift */; };
/* End PBXBuildFile section */

/* Begin PBXFileReference section */
		F42ED5E81FE07C49003061DC /* LeagueVC.swift */ = {isa = PBXFileReference; lastKnownFileType = sourcecode.swift; path = LeagueVC.swift; sourceTree = "<group>"; };
		F42ED5EA1FE07C5D003061DC /* SkillVC.swift */ = {isa = PBXFileReference; lastKnownFileType = sourcecode.swift; path = SkillVC.swift; sourceTree = "<group>"; };
		F47042EE1FDF135B00112739 /* app-swoosh.app */ = {isa = PBXFileReference; explicitFileType = wrapper.application; includeInIndex = 0; path = "app-swoosh.app"; sourceTree = BUILT_PRODUCTS_DIR; };
		F47042F11FDF135B00112739 /* AppDelegate.swift */ = {isa = PBXFileReference; lastKnownFileType = sourcecode.swift; path = AppDelegate.swift; sourceTree = "<group>"; };
		F47042F31FDF135B00112739 /* WelcomeVC.swift */ = {isa = PBXFileReference; lastKnownFileType = sourcecode.swift; path = WelcomeVC.swift; sourceTree = "<group>"; };
		F47042F61FDF135B00112739 /* Base */ = {isa = PBXFileReference; lastKnownFileType = file.storyboard; name = Base; path = Base.lproj/Main.storyboard; sourceTree = "<group>"; };
		F47042F81FDF135B00112739 /* Assets.xcassets */ = {isa = PBXFileReference; lastKnownFileType = folder.assetcatalog; path = Assets.xcassets; sourceTree = "<group>"; };
		F47042FB1FDF135B00112739 /* Base */ = {isa = PBXFileReference; lastKnownFileType = file.storyboard; name = Base; path = Base.lproj/LaunchScreen.storyboard; sourceTree = "<group>"; };
		F47042FD1FDF135B00112739 /* Info.plist */ = {isa = PBXFileReference; lastKnownFileType = text.plist.xml; path = Info.plist; sourceTree = "<group>"; };
		F47043041FDF21AB00112739 /* BorderButton.swift */ = {isa = PBXFileReference; lastKnownFileType = sourcecode.swift; path = BorderButton.swift; sourceTree = "<group>"; };
/* End PBXFileReference section */

/* Begin PBXFrameworksBuildPhase section */
		F47042EB1FDF135A00112739 /* Frameworks */ = {
			isa = PBXFrameworksBuildPhase;
			buildActionMask = 2147483647;
			files = (
			);
			runOnlyForDeploymentPostprocessing = 0;
		};
/* End PBXFrameworksBuildPhase section */

/* Begin PBXGroup section */
		F42ED5E61FE07B12003061DC /* Controller */ = {
			isa = PBXGroup;
			children = (
				F47042F31FDF135B00112739 /* WelcomeVC.swift */,
				F42ED5E81FE07C49003061DC /* LeagueVC.swift */,
				F42ED5EA1FE07C5D003061DC /* SkillVC.swift */,
			);
			path = Controller;
			sourceTree = "<group>";
		};
		F42ED5E71FE07B21003061DC /* Model */ = {
			isa = PBXGroup;
			children = (
			);
			path = Model;
			sourceTree = "<group>";
		};
		F47042E51FDF135A00112739 = {
			isa = PBXGroup;
			children = (
				F47042F01FDF135B00112739 /* app-swoosh */,
				F47042EF1FDF135B00112739 /* Products */,
			);
			sourceTree = "<group>";
		};
		F47042EF1FDF135B00112739 /* Products */ = {
			isa = PBXGroup;
			children = (
				F47042EE1FDF135B00112739 /* app-swoosh.app */,
			);
			name = Products;
			sourceTree = "<group>";
		};
		F47042F01FDF135B00112739 /* app-swoosh */ = {
			isa = PBXGroup;
			children = (
				F42ED5E71FE07B21003061DC /* Model */,
				F42ED5E61FE07B12003061DC /* Controller */,
				F47043031FDF1EC300112739 /* View */,
				F47042F11FDF135B00112739 /* AppDelegate.swift */,
				F47042F51FDF135B00112739 /* Main.storyboard */,
				F47042F81FDF135B00112739 /* Assets.xcassets */,
				F47042FA1FDF135B00112739 /* LaunchScreen.storyboard */,
				F47042FD1FDF135B00112739 /* Info.plist */,
			);
			path = "app-swoosh";
			sourceTree = "<group>";
		};
		F47043031FDF1EC300112739 /* View */ = {
			isa = PBXGroup;
			children = (
				F47043041FDF21AB00112739 /* BorderButton.swift */,
			);
			path = View;
			sourceTree = "<group>";
		};
/* End PBXGroup section */

/* Begin PBXNativeTarget section */
		F47042ED1FDF135A00112739 /* app-swoosh */ = {
			isa = PBXNativeTarget;
			buildConfigurationList = F47043001FDF135B00112739 /* Build configuration list for PBXNativeTarget "app-swoosh" */;
			buildPhases = (
				F47042EA1FDF135A00112739 /* Sources */,
				F47042EB1FDF135A00112739 /* Frameworks */,
				F47042EC1FDF135A00112739 /* Resources */,
			);
			buildRules = (
			);
			dependencies = (
			);
			name = "app-swoosh";
			productName = "app-swoosh";
			productReference = F47042EE1FDF135B00112739 /* app-swoosh.app */;
			productType = "com.apple.product-type.application";
		};
/* End PBXNativeTarget section */

/* Begin PBXProject section */
		F47042E61FDF135A00112739 /* Project object */ = {
			isa = PBXProject;
			attributes = {
				LastSwiftUpdateCheck = 0920;
				LastUpgradeCheck = 0920;
				ORGANIZATIONNAME = home;
				TargetAttributes = {
					F47042ED1FDF135A00112739 = {
						CreatedOnToolsVersion = 9.2;
						ProvisioningStyle = Automatic;
					};
				};
			};
			buildConfigurationList = F47042E91FDF135A00112739 /* Build configuration list for PBXProject "app-swoosh" */;
			compatibilityVersion = "Xcode 8.0";
			developmentRegion = en;
			hasScannedForEncodings = 0;
			knownRegions = (
				en,
				Base,
			);
			mainGroup = F47042E51FDF135A00112739;
			productRefGroup = F47042EF1FDF135B00112739 /* Products */;
			projectDirPath = "";
			projectRoot = "";
			targets = (
				F47042ED1FDF135A00112739 /* app-swoosh */,
			);
		};
/* End PBXProject section */

/* Begin PBXResourcesBuildPhase section */
		F47042EC1FDF135A00112739 /* Resources */ = {
			isa = PBXResourcesBuildPhase;
			buildActionMask = 2147483647;
			files = (
				F47042FC1FDF135B00112739 /* LaunchScreen.storyboard in Resources */,
				F47042F91FDF135B00112739 /* Assets.xcassets in Resources */,
				F47042F71FDF135B00112739 /* Main.storyboard in Resources */,
			);
			runOnlyForDeploymentPostprocessing = 0;
		};
/* End PBXResourcesBuildPhase section */

/* Begin PBXSourcesBuildPhase section */
		F47042EA1FDF135A00112739 /* Sources */ = {
			isa = PBXSourcesBuildPhase;
			buildActionMask = 2147483647;
			files = (
				F47042F41FDF135B00112739 /* WelcomeVC.swift in Sources */,
				F42ED5E91FE07C49003061DC /* LeagueVC.swift in Sources */,
				F47042F21FDF135B00112739 /* AppDelegate.swift in Sources */,
				F42ED5EB1FE07C5D003061DC /* SkillVC.swift in Sources */,
				F47043051FDF21AB00112739 /* BorderButton.swift in Sources */,
			);
			runOnlyForDeploymentPostprocessing = 0;
		};
/* End PBXSourcesBuildPhase section */

/* Begin PBXVariantGroup section */
		F47042F51FDF135B00112739 /* Main.storyboard */ = {
			isa = PBXVariantGroup;
			children = (
				F47042F61FDF135B00112739 /* Base */,
			);
			name = Main.storyboard;
			sourceTree = "<group>";
		};
		F47042FA1FDF135B00112739 /* LaunchScreen.storyboard */ = {
			isa = PBXVariantGroup;
			children = (
				F47042FB1FDF135B00112739 /* Base */,
			);
			name = LaunchScreen.storyboard;
			sourceTree = "<group>";
		};
/* End PBXVariantGroup section */

/* Begin XCBuildConfiguration section */
		F47042FE1FDF135B00112739 /* Debug */ = {
			isa = XCBuildConfiguration;
			buildSettings = {
				ALWAYS_SEARCH_USER_PATHS = NO;
				CLANG_ANALYZER_NONNULL = YES;
				CLANG_ANALYZER_NUMBER_OBJECT_CONVERSION = YES_AGGRESSIVE;
				CLANG_CXX_LANGUAGE_STANDARD = "gnu++14";
				CLANG_CXX_LIBRARY = "libc++";
				CLANG_ENABLE_MODULES = YES;
				CLANG_ENABLE_OBJC_ARC = YES;
				CLANG_WARN_BLOCK_CAPTURE_AUTORELEASING = YES;
				CLANG_WARN_BOOL_CONVERSION = YES;
				CLANG_WARN_COMMA = YES;
				CLANG_WARN_CONSTANT_CONVERSION = YES;
				CLANG_WARN_DIRECT_OBJC_ISA_USAGE = YES_ERROR;
				CLANG_WARN_DOCUMENTATION_COMMENTS = YES;
				CLANG_WARN_EMPTY_BODY = YES;
				CLANG_WARN_ENUM_CONVERSION = YES;
				CLANG_WARN_INFINITE_RECURSION = YES;
				CLANG_WARN_INT_CONVERSION = YES;
				CLANG_WARN_NON_LITERAL_NULL_CONVERSION = YES;
				CLANG_WARN_OBJC_LITERAL_CONVERSION = YES;
				CLANG_WARN_OBJC_ROOT_CLASS = YES_ERROR;
				CLANG_WARN_RANGE_LOOP_ANALYSIS = YES;
				CLANG_WARN_STRICT_PROTOTYPES = YES;
				CLANG_WARN_SUSPICIOUS_MOVE = YES;
				CLANG_WARN_UNGUARDED_AVAILABILITY = YES_AGGRESSIVE;
				CLANG_WARN_UNREACHABLE_CODE = YES;
				CLANG_WARN__DUPLICATE_METHOD_MATCH = YES;
				CODE_SIGN_IDENTITY = "iPhone Developer";
				COPY_PHASE_STRIP = NO;
				DEBUG_INFORMATION_FORMAT = dwarf;
				ENABLE_STRICT_OBJC_MSGSEND = YES;
				ENABLE_TESTABILITY = YES;
				GCC_C_LANGUAGE_STANDARD = gnu11;
				GCC_DYNAMIC_NO_PIC = NO;
				GCC_NO_COMMON_BLOCKS = YES;
				GCC_OPTIMIZATION_LEVEL = 0;
				GCC_PREPROCESSOR_DEFINITIONS = (
					"DEBUG=1",
					"$(inherited)",
				);
				GCC_WARN_64_TO_32_BIT_CONVERSION = YES;
				GCC_WARN_ABOUT_RETURN_TYPE = YES_ERROR;
				GCC_WARN_UNDECLARED_SELECTOR = YES;
				GCC_WARN_UNINITIALIZED_AUTOS = YES_AGGRESSIVE;
				GCC_WARN_UNUSED_FUNCTION = YES;
				GCC_WARN_UNUSED_VARIABLE = YES;
				IPHONEOS_DEPLOYMENT_TARGET = 11.2;
				MTL_ENABLE_DEBUG_INFO = YES;
				ONLY_ACTIVE_ARCH = YES;
				SDKROOT = iphoneos;
				SWIFT_ACTIVE_COMPILATION_CONDITIONS = DEBUG;
				SWIFT_OPTIMIZATION_LEVEL = "-Onone";
			};
			name = Debug;
		};
		F47042FF1FDF135B00112739 /* Release */ = {
			isa = XCBuildConfiguration;
			buildSettings = {
				ALWAYS_SEARCH_USER_PATHS = NO;
				CLANG_ANALYZER_NONNULL = YES;
				CLANG_ANALYZER_NUMBER_OBJECT_CONVERSION = YES_AGGRESSIVE;
				CLANG_CXX_LANGUAGE_STANDARD = "gnu++14";
				CLANG_CXX_LIBRARY = "libc++";
				CLANG_ENABLE_MODULES = YES;
				CLANG_ENABLE_OBJC_ARC = YES;
				CLANG_WARN_BLOCK_CAPTURE_AUTORELEASING = YES;
				CLANG_WARN_BOOL_CONVERSION = YES;
				CLANG_WARN_COMMA = YES;
				CLANG_WARN_CONSTANT_CONVERSION = YES;
				CLANG_WARN_DIRECT_OBJC_ISA_USAGE = YES_ERROR;
				CLANG_WARN_DOCUMENTATION_COMMENTS = YES;
				CLANG_WARN_EMPTY_BODY = YES;
				CLANG_WARN_ENUM_CONVERSION = YES;
				CLANG_WARN_INFINITE_RECURSION = YES;
				CLANG_WARN_INT_CONVERSION = YES;
				CLANG_WARN_NON_LITERAL_NULL_CONVERSION = YES;
				CLANG_WARN_OBJC_LITERAL_CONVERSION = YES;
				CLANG_WARN_OBJC_ROOT_CLASS = YES_ERROR;
				CLANG_WARN_RANGE_LOOP_ANALYSIS = YES;
				CLANG_WARN_STRICT_PROTOTYPES = YES;
				CLANG_WARN_SUSPICIOUS_MOVE = YES;
				CLANG_WARN_UNGUARDED_AVAILABILITY = YES_AGGRESSIVE;
				CLANG_WARN_UNREACHABLE_CODE = YES;
				CLANG_WARN__DUPLICATE_METHOD_MATCH = YES;
				CODE_SIGN_IDENTITY = "iPhone Developer";
				COPY_PHASE_STRIP = NO;
				DEBUG_INFORMATION_FORMAT = "dwarf-with-dsym";
				ENABLE_NS_ASSERTIONS = NO;
				ENABLE_STRICT_OBJC_MSGSEND = YES;
				GCC_C_LANGUAGE_STANDARD = gnu11;
				GCC_NO_COMMON_BLOCKS = YES;
				GCC_WARN_64_TO_32_BIT_CONVERSION = YES;
				GCC_WARN_ABOUT_RETURN_TYPE = YES_ERROR;
				GCC_WARN_UNDECLARED_SELECTOR = YES;
				GCC_WARN_UNINITIALIZED_AUTOS = YES_AGGRESSIVE;
				GCC_WARN_UNUSED_FUNCTION = YES;
				GCC_WARN_UNUSED_VARIABLE = YES;
				IPHONEOS_DEPLOYMENT_TARGET = 11.2;
				MTL_ENABLE_DEBUG_INFO = NO;
				SDKROOT = iphoneos;
				SWIFT_OPTIMIZATION_LEVEL = "-Owholemodule";
				VALIDATE_PRODUCT = YES;
			};
			name = Release;
		};
		F47043011FDF135B00112739 /* Debug */ = {
			isa = XCBuildConfiguration;
			buildSettings = {
				ASSETCATALOG_COMPILER_APPICON_NAME = AppIcon;
				CODE_SIGN_STYLE = Automatic;
				INFOPLIST_FILE = "app-swoosh/Info.plist";
				LD_RUNPATH_SEARCH_PATHS = "$(inherited) @executable_path/Frameworks";
				PRODUCT_BUNDLE_IDENTIFIER = "com.example.app-swoosh";
				PRODUCT_NAME = "$(TARGET_NAME)";
				SWIFT_VERSION = 4.0;
				TARGETED_DEVICE_FAMILY = "1,2";
			};
			name = Debug;
		};
		F47043021FDF135B00112739 /* Release */ = {
			isa = XCBuildConfiguration;
			buildSettings = {
				ASSETCATALOG_COMPILER_APPICON_NAME = AppIcon;
				CODE_SIGN_STYLE = Automatic;
				INFOPLIST_FILE = "app-swoosh/Info.plist";
				LD_RUNPATH_SEARCH_PATHS = "$(inherited) @executable_path/Frameworks";
				PRODUCT_BUNDLE_IDENTIFIER = "com.example.app-swoosh";
				PRODUCT_NAME = "$(TARGET_NAME)";
				SWIFT_VERSION = 4.0;
				TARGETED_DEVICE_FAMILY = "1,2";
			};
			name = Release;
		};
/* End XCBuildConfiguration section */

/* Begin XCConfigurationList section */
		F47042E91FDF135A00112739 /* Build configuration list for PBXProject "app-swoosh" */ = {
			isa = XCConfigurationList;
			buildConfigurations = (
				F47042FE1FDF135B00112739 /* Debug */,
				F47042FF1FDF135B00112739 /* Release */,
			);
			defaultConfigurationIsVisible = 0;
			defaultConfigurationName = Release;
		};
		F47043001FDF135B00112739 /* Build configuration list for PBXNativeTarget "app-swoosh" */ = {
			isa = XCConfigurationList;
			buildConfigurations = (
				F47043011FDF135B00112739 /* Debug */,
				F47043021FDF135B00112739 /* Release */,
			);
			defaultConfigurationIsVisible = 0;
			defaultConfigurationName = Release;
		};
/* End XCConfigurationList section */
	};
	rootObject = F47042E61FDF135A00112739 /* Project object */;
}
